
Microsoft Visual Studio Solution File, Format Version 12.00
# Visual Studio Version 17
VisualStudioVersion = 17.3.32811.315
MinimumVisualStudioVersion = 10.0.40219.1
Project("{FAE04EC0-301F-11D3-BF4B-00C04F79EFBC}") = "Fizzbuzz", "Fizzbuzz\Fizzbuzz.csproj", "{B65605DD-51C1-4A1F-A6A2-46D9DAE18F07}"
EndProject
Global
	GlobalSection(SolutionConfigurationPlatforms) = preSolution
		Debug|Any CPU = Debug|Any CPU
		Release|Any CPU = Release|Any CPU
	EndGlobalSection
	GlobalSection(ProjectConfigurationPlatforms) = postSolution
		{B65605DD-51C1-4A1F-A6A2-46D9DAE18F07}.Debug|Any CPU.ActiveCfg = Debug|Any CPU
		{B65605DD-51C1-4A1F-A6A2-46D9DAE18F07}.Debug|Any CPU.Build.0 = Debug|Any CPU
		{B65605DD-51C1-4A1F-A6A2-46D9DAE18F07}.Release|Any CPU.ActiveCfg = Release|Any CPU
		{B65605DD-51C1-4A1F-A6A2-46D9DAE18F07}.Release|Any CPU.Build.0 = Release|Any CPU
	EndGlobalSection
	GlobalSection(SolutionProperties) = preSolution
		HideSolutionNode = FALSE
	EndGlobalSection
	GlobalSection(ExtensibilityGlobals) = postSolution
		SolutionGuid = {C5B9024A-2A11-41D9-B1D2-6A4328821491}
	EndGlobalSection
EndGlobal
